
Microsoft Visual Studio Solution File, Format Version 12.00
# Visual Studio Version 17
VisualStudioVersion = 17.8.34330.188
MinimumVisualStudioVersion = 10.0.40219.1
Project("{9A19103F-16F7-4668-BE54-9A1E7A4F7556}") = "PoolMS.Core", "PoolMS.Core\PoolMS.Core.csproj", "{3F0BA14C-9C04-4F99-9101-3B59538B86B2}"
EndProject
Project("{9A19103F-16F7-4668-BE54-9A1E7A4F7556}") = "PoolMS.Repository", "PoolMS.Repository\PoolMS.Repository.csproj", "{7D0A612D-DB4B-4835-8A67-A503D83AA75D}"
EndProject
Project("{FAE04EC0-301F-11D3-BF4B-00C04F79EFBC}") = "PoolMS.Service", "PoolMS.Service\PoolMS.Service.csproj", "{8FAD4879-263F-4D4F-B01F-2D6DE85C48E0}"
EndProject
Project("{FAE04EC0-301F-11D3-BF4B-00C04F79EFBC}") = "PoolMS.API", "PoolMS.API\PoolMS.API.csproj", "{758F0915-F45E-4448-85B8-A35E3AA8B016}"
EndProject
Global
	GlobalSection(SolutionConfigurationPlatforms) = preSolution
		Debug|Any CPU = Debug|Any CPU
		Release|Any CPU = Release|Any CPU
	EndGlobalSection
	GlobalSection(ProjectConfigurationPlatforms) = postSolution
		{3F0BA14C-9C04-4F99-9101-3B59538B86B2}.Debug|Any CPU.ActiveCfg = Debug|Any CPU
		{3F0BA14C-9C04-4F99-9101-3B59538B86B2}.Debug|Any CPU.Build.0 = Debug|Any CPU
		{3F0BA14C-9C04-4F99-9101-3B59538B86B2}.Release|Any CPU.ActiveCfg = Release|Any CPU
		{3F0BA14C-9C04-4F99-9101-3B59538B86B2}.Release|Any CPU.Build.0 = Release|Any CPU
		{7D0A612D-DB4B-4835-8A67-A503D83AA75D}.Debug|Any CPU.ActiveCfg = Debug|Any CPU
		{7D0A612D-DB4B-4835-8A67-A503D83AA75D}.Debug|Any CPU.Build.0 = Debug|Any CPU
		{7D0A612D-DB4B-4835-8A67-A503D83AA75D}.Release|Any CPU.ActiveCfg = Release|Any CPU
		{7D0A612D-DB4B-4835-8A67-A503D83AA75D}.Release|Any CPU.Build.0 = Release|Any CPU
		{8FAD4879-263F-4D4F-B01F-2D6DE85C48E0}.Debug|Any CPU.ActiveCfg = Debug|Any CPU
		{8FAD4879-263F-4D4F-B01F-2D6DE85C48E0}.Debug|Any CPU.Build.0 = Debug|Any CPU
		{8FAD4879-263F-4D4F-B01F-2D6DE85C48E0}.Release|Any CPU.ActiveCfg = Release|Any CPU
		{8FAD4879-263F-4D4F-B01F-2D6DE85C48E0}.Release|Any CPU.Build.0 = Release|Any CPU
		{758F0915-F45E-4448-85B8-A35E3AA8B016}.Debug|Any CPU.ActiveCfg = Debug|Any CPU
		{758F0915-F45E-4448-85B8-A35E3AA8B016}.Debug|Any CPU.Build.0 = Debug|Any CPU
		{758F0915-F45E-4448-85B8-A35E3AA8B016}.Release|Any CPU.ActiveCfg = Release|Any CPU
		{758F0915-F45E-4448-85B8-A35E3AA8B016}.Release|Any CPU.Build.0 = Release|Any CPU
	EndGlobalSection
	GlobalSection(SolutionProperties) = preSolution
		HideSolutionNode = FALSE
	EndGlobalSection
	GlobalSection(ExtensibilityGlobals) = postSolution
		SolutionGuid = {FED4894C-82D4-4373-9B66-62BBEFD4CC42}
	EndGlobalSection
EndGlobal
